<Solution>
  <Folder Name="/samples/">
    <Project Path="samples/SupportDeskSample/SupportDeskSample.csproj" />
  </Folder>
  <Folder Name="/src/">
    <Project Path="src/FYIsoft.Extensions.AI.Anthropic/FYIsoft.Extensions.AI.Anthropic.csproj" />
    <Project Path="src/FYIsoft.Extensions.AI.Jev/FYIsoft.Extensions.AI.Jev.csproj" />
  </Folder>
  <Folder Name="/tests/">
    <Project Path="tests/FYIsoft.Extensions.AI.Anthropic.Tests/FYIsoft.Extensions.AI.Anthropic.Tests.csproj" />
    <Project Path="tests/FYIsoft.Extensions.AI.Jev.Tests/FYIsoft.Extensions.AI.Jev.Tests.csproj" />
  </Folder>
</Solution>
